
Microsoft Visual Studio Solution File, Format Version 11.00
# Visual Studio 2010
Project("{FAE04EC0-301F-11D3-BF4B-00C04F79EFBC}") = "Aula11_Quiz", "Aula11_Quiz\Aula11_Quiz.csproj", "{79F0BE28-419E-48DB-8361-8392E8BAB855}"
EndProject
Global
	GlobalSection(SolutionConfigurationPlatforms) = preSolution
		Debug|x86 = Debug|x86
		Release|x86 = Release|x86
	EndGlobalSection
	GlobalSection(ProjectConfigurationPlatforms) = postSolution
		{79F0BE28-419E-48DB-8361-8392E8BAB855}.Debug|x86.ActiveCfg = Debug|x86
		{79F0BE28-419E-48DB-8361-8392E8BAB855}.Debug|x86.Build.0 = Debug|x86
		{79F0BE28-419E-48DB-8361-8392E8BAB855}.Release|x86.ActiveCfg = Release|x86
		{79F0BE28-419E-48DB-8361-8392E8BAB855}.Release|x86.Build.0 = Release|x86
	EndGlobalSection
	GlobalSection(SolutionProperties) = preSolution
		HideSolutionNode = FALSE
	EndGlobalSection
EndGlobal
